
Microsoft Visual Studio Solution File, Format Version 12.00
Project("{FAE04EC0-301F-11D3-BF4B-00C04F79EFBC}") = "PetWebApp", "PetWebApp\PetWebApp.csproj", "{826C96B7-8919-49AA-84B0-621863958A45}"
EndProject
Project("{FAE04EC0-301F-11D3-BF4B-00C04F79EFBC}") = "PetWebAppTests", "PetWebAppTests\PetWebAppTests.csproj", "{871405B7-D0EE-4266-9959-B9993D7165A8}"
EndProject
Global
	GlobalSection(SolutionConfigurationPlatforms) = preSolution
		Debug|Any CPU = Debug|Any CPU
		Release|Any CPU = Release|Any CPU
	EndGlobalSection
	GlobalSection(ProjectConfigurationPlatforms) = postSolution
		{826C96B7-8919-49AA-84B0-621863958A45}.Debug|Any CPU.ActiveCfg = Debug|Any CPU
		{826C96B7-8919-49AA-84B0-621863958A45}.Debug|Any CPU.Build.0 = Debug|Any CPU
		{826C96B7-8919-49AA-84B0-621863958A45}.Release|Any CPU.ActiveCfg = Release|Any CPU
		{826C96B7-8919-49AA-84B0-621863958A45}.Release|Any CPU.Build.0 = Release|Any CPU
		{871405B7-D0EE-4266-9959-B9993D7165A8}.Debug|Any CPU.ActiveCfg = Debug|Any CPU
		{871405B7-D0EE-4266-9959-B9993D7165A8}.Debug|Any CPU.Build.0 = Debug|Any CPU
		{871405B7-D0EE-4266-9959-B9993D7165A8}.Release|Any CPU.ActiveCfg = Release|Any CPU
		{871405B7-D0EE-4266-9959-B9993D7165A8}.Release|Any CPU.Build.0 = Release|Any CPU
	EndGlobalSection
EndGlobal
